// !$*UTF8*$!
{
	archiveVersion = 1;
	classes = {
	};
	objectVersion = 55;
	objects = {

/* Begin PBXBuildFile section */
		45531A1327DF5F1300F9897D /* HistoryView.swift in Sources */ = {isa = PBXBuildFile; fileRef = 45531A1227DF5F1300F9897D /* HistoryView.swift */; };
		45531A1527DF60E000F9897D /* RunView.swift in Sources */ = {isa = PBXBuildFile; fileRef = 45531A1427DF60E000F9897D /* RunView.swift */; };
		45531A1727DF62B900F9897D /* SettingsView.swift in Sources */ = {isa = PBXBuildFile; fileRef = 45531A1627DF62B900F9897D /* SettingsView.swift */; };
		4583A85C27EB46C300ED0956 /* VCR OSD Mono.ttf in Resources */ = {isa = PBXBuildFile; fileRef = 456D39A727DD33810033186A /* VCR OSD Mono.ttf */; };
		459F49BC27FC7CE100ED92AC /* RunDataController.swift in Sources */ = {isa = PBXBuildFile; fileRef = 459F49BB27FC7CE100ED92AC /* RunDataController.swift */; };
		459F49BE27FC7EB600ED92AC /* LocationController.swift in Sources */ = {isa = PBXBuildFile; fileRef = 459F49BD27FC7EB600ED92AC /* LocationController.swift */; };
		45B805D627C2AAB700E9D57B /* AccelerationApp.swift in Sources */ = {isa = PBXBuildFile; fileRef = 45B805D527C2AAB700E9D57B /* AccelerationApp.swift */; };
		45B805D827C2AAB700E9D57B /* ContentView.swift in Sources */ = {isa = PBXBuildFile; fileRef = 45B805D727C2AAB700E9D57B /* ContentView.swift */; };
		45B805DA27C2AAB800E9D57B /* Assets.xcassets in Resources */ = {isa = PBXBuildFile; fileRef = 45B805D927C2AAB800E9D57B /* Assets.xcassets */; };
		45B805DD27C2AAB800E9D57B /* Preview Assets.xcassets in Resources */ = {isa = PBXBuildFile; fileRef = 45B805DC27C2AAB800E9D57B /* Preview Assets.xcassets */; };
		45B805E227C2AAB800E9D57B /* Acceleration.xcdatamodeld in Sources */ = {isa = PBXBuildFile; fileRef = 45B805E027C2AAB800E9D57B /* Acceleration.xcdatamodeld */; };
		45B805EC27C2AAB800E9D57B /* AccelerationTests.swift in Sources */ = {isa = PBXBuildFile; fileRef = 45B805EB27C2AAB800E9D57B /* AccelerationTests.swift */; };
		45B805F627C2AAB800E9D57B /* AccelerationUITests.swift in Sources */ = {isa = PBXBuildFile; fileRef = 45B805F527C2AAB800E9D57B /* AccelerationUITests.swift */; };
		45B805F827C2AAB800E9D57B /* AccelerationUITestsLaunchTests.swift in Sources */ = {isa = PBXBuildFile; fileRef = 45B805F727C2AAB800E9D57B /* AccelerationUITestsLaunchTests.swift */; };
		45C1864927FDCF9900DF5C15 /* TextAlert.swift in Sources */ = {isa = PBXBuildFile; fileRef = 45C1864827FDCF9900DF5C15 /* TextAlert.swift */; };
/* End PBXBuildFile section */

/* Begin PBXContainerItemProxy section */
		45B805E827C2AAB800E9D57B /* PBXContainerItemProxy */ = {
			isa = PBXContainerItemProxy;
			containerPortal = 45B805CA27C2AAB700E9D57B /* Project object */;
			proxyType = 1;
			remoteGlobalIDString = 45B805D127C2AAB700E9D57B;
			remoteInfo = Acceleration;
		};
		45B805F227C2AAB800E9D57B /* PBXContainerItemProxy */ = {
			isa = PBXContainerItemProxy;
			containerPortal = 45B805CA27C2AAB700E9D57B /* Project object */;
			proxyType = 1;
			remoteGlobalIDString = 45B805D127C2AAB700E9D57B;
			remoteInfo = Acceleration;
		};
/* End PBXContainerItemProxy section */

/* Begin PBXFileReference section */
		45531A1227DF5F1300F9897D /* HistoryView.swift */ = {isa = PBXFileReference; lastKnownFileType = sourcecode.swift; path = HistoryView.swift; sourceTree = "<group>"; };
		45531A1427DF60E000F9897D /* RunView.swift */ = {isa = PBXFileReference; lastKnownFileType = sourcecode.swift; path = RunView.swift; sourceTree = "<group>"; };
		45531A1627DF62B900F9897D /* SettingsView.swift */ = {isa = PBXFileReference; lastKnownFileType = sourcecode.swift; path = SettingsView.swift; sourceTree = "<group>"; };
		456D39A727DD33810033186A /* VCR OSD Mono.ttf */ = {isa = PBXFileReference; lastKnownFileType = file; path = "VCR OSD Mono.ttf"; sourceTree = "<group>"; };
		4583A85D27EB476F00ED0956 /* Info.plist */ = {isa = PBXFileReference; lastKnownFileType = text.plist; path = Info.plist; sourceTree = "<group>"; };
		459F49BB27FC7CE100ED92AC /* RunDataController.swift */ = {isa = PBXFileReference; lastKnownFileType = sourcecode.swift; path = RunDataController.swift; sourceTree = "<group>"; };
		459F49BD27FC7EB600ED92AC /* LocationController.swift */ = {isa = PBXFileReference; lastKnownFileType = sourcecode.swift; path = LocationController.swift; sourceTree = "<group>"; };
		45B805D227C2AAB700E9D57B /* Acceleration.app */ = {isa = PBXFileReference; explicitFileType = wrapper.application; includeInIndex = 0; path = Acceleration.app; sourceTree = BUILT_PRODUCTS_DIR; };
		45B805D527C2AAB700E9D57B /* AccelerationApp.swift */ = {isa = PBXFileReference; lastKnownFileType = sourcecode.swift; path = AccelerationApp.swift; sourceTree = "<group>"; };
		45B805D727C2AAB700E9D57B /* ContentView.swift */ = {isa = PBXFileReference; lastKnownFileType = sourcecode.swift; path = ContentView.swift; sourceTree = "<group>"; };
		45B805D927C2AAB800E9D57B /* Assets.xcassets */ = {isa = PBXFileReference; lastKnownFileType = folder.assetcatalog; path = Assets.xcassets; sourceTree = "<group>"; };
		45B805DC27C2AAB800E9D57B /* Preview Assets.xcassets */ = {isa = PBXFileReference; lastKnownFileType = folder.assetcatalog; path = "Preview Assets.xcassets"; sourceTree = "<group>"; };
		45B805E127C2AAB800E9D57B /* Acceleration.xcdatamodel */ = {isa = PBXFileReference; lastKnownFileType = wrapper.xcdatamodel; path = Acceleration.xcdatamodel; sourceTree = "<group>"; };
		45B805E727C2AAB800E9D57B /* AccelerationTests.xctest */ = {isa = PBXFileReference; explicitFileType = wrapper.cfbundle; includeInIndex = 0; path = AccelerationTests.xctest; sourceTree = BUILT_PRODUCTS_DIR; };
		45B805EB27C2AAB800E9D57B /* AccelerationTests.swift */ = {isa = PBXFileReference; lastKnownFileType = sourcecode.swift; path = AccelerationTests.swift; sourceTree = "<group>"; };
		45B805F127C2AAB800E9D57B /* AccelerationUITests.xctest */ = {isa = PBXFileReference; explicitFileType = wrapper.cfbundle; includeInIndex = 0; path = AccelerationUITests.xctest; sourceTree = BUILT_PRODUCTS_DIR; };
		45B805F527C2AAB800E9D57B /* AccelerationUITests.swift */ = {isa = PBXFileReference; lastKnownFileType = sourcecode.swift; path = AccelerationUITests.swift; sourceTree = "<group>"; };
		45B805F727C2AAB800E9D57B /* AccelerationUITestsLaunchTests.swift */ = {isa = PBXFileReference; lastKnownFileType = sourcecode.swift; path = AccelerationUITestsLaunchTests.swift; sourceTree = "<group>"; };
		45C1864827FDCF9900DF5C15 /* TextAlert.swift */ = {isa = PBXFileReference; lastKnownFileType = sourcecode.swift; path = TextAlert.swift; sourceTree = "<group>"; };
/* End PBXFileReference section */

/* Begin PBXFrameworksBuildPhase section */
		45B805CF27C2AAB700E9D57B /* Frameworks */ = {
			isa = PBXFrameworksBuildPhase;
			buildActionMask = 2147483647;
			files = (
			);
			runOnlyForDeploymentPostprocessing = 0;
		};
		45B805E427C2AAB800E9D57B /* Frameworks */ = {
			isa = PBXFrameworksBuildPhase;
			buildActionMask = 2147483647;
			files = (
			);
			runOnlyForDeploymentPostprocessing = 0;
		};
		45B805EE27C2AAB800E9D57B /* Frameworks */ = {
			isa = PBXFrameworksBuildPhase;
			buildActionMask = 2147483647;
			files = (
			);
			runOnlyForDeploymentPostprocessing = 0;
		};
/* End PBXFrameworksBuildPhase section */

/* Begin PBXGroup section */
		45B805C927C2AAB700E9D57B = {
			isa = PBXGroup;
			children = (
				45B805D427C2AAB700E9D57B /* Acceleration */,
				45B805EA27C2AAB800E9D57B /* AccelerationTests */,
				45B805F427C2AAB800E9D57B /* AccelerationUITests */,
				45B805D327C2AAB700E9D57B /* Products */,
			);
			sourceTree = "<group>";
		};
		45B805D327C2AAB700E9D57B /* Products */ = {
			isa = PBXGroup;
			children = (
				45B805D227C2AAB700E9D57B /* Acceleration.app */,
				45B805E727C2AAB800E9D57B /* AccelerationTests.xctest */,
				45B805F127C2AAB800E9D57B /* AccelerationUITests.xctest */,
			);
			name = Products;
			sourceTree = "<group>";
		};
		45B805D427C2AAB700E9D57B /* Acceleration */ = {
			isa = PBXGroup;
			children = (
				45B805D527C2AAB700E9D57B /* AccelerationApp.swift */,
				45B805D727C2AAB700E9D57B /* ContentView.swift */,
				45531A1427DF60E000F9897D /* RunView.swift */,
				45531A1227DF5F1300F9897D /* HistoryView.swift */,
				45531A1627DF62B900F9897D /* SettingsView.swift */,
				45C1864827FDCF9900DF5C15 /* TextAlert.swift */,
				459F49BD27FC7EB600ED92AC /* LocationController.swift */,
				459F49BB27FC7CE100ED92AC /* RunDataController.swift */,
				45B805E027C2AAB800E9D57B /* Acceleration.xcdatamodeld */,
				4583A85D27EB476F00ED0956 /* Info.plist */,
				45B805D927C2AAB800E9D57B /* Assets.xcassets */,
				456D39A727DD33810033186A /* VCR OSD Mono.ttf */,
				45B805DB27C2AAB800E9D57B /* Preview Content */,
			);
			path = Acceleration;
			sourceTree = "<group>";
		};
		45B805DB27C2AAB800E9D57B /* Preview Content */ = {
			isa = PBXGroup;
			children = (
				45B805DC27C2AAB800E9D57B /* Preview Assets.xcassets */,
			);
			path = "Preview Content";
			sourceTree = "<group>";
		};
		45B805EA27C2AAB800E9D57B /* AccelerationTests */ = {
			isa = PBXGroup;
			children = (
				45B805EB27C2AAB800E9D57B /* AccelerationTests.swift */,
			);
			path = AccelerationTests;
			sourceTree = "<group>";
		};
		45B805F427C2AAB800E9D57B /* AccelerationUITests */ = {
			isa = PBXGroup;
			children = (
				45B805F527C2AAB800E9D57B /* AccelerationUITests.swift */,
				45B805F727C2AAB800E9D57B /* AccelerationUITestsLaunchTests.swift */,
			);
			path = AccelerationUITests;
			sourceTree = "<group>";
		};
/* End PBXGroup section */

/* Begin PBXNativeTarget section */
		45B805D127C2AAB700E9D57B /* Acceleration */ = {
			isa = PBXNativeTarget;
			buildConfigurationList = 45B805FB27C2AAB800E9D57B /* Build configuration list for PBXNativeTarget "Acceleration" */;
			buildPhases = (
				45B805CE27C2AAB700E9D57B /* Sources */,
				45B805CF27C2AAB700E9D57B /* Frameworks */,
				45B805D027C2AAB700E9D57B /* Resources */,
			);
			buildRules = (
			);
			dependencies = (
			);
			name = Acceleration;
			productName = Acceleration;
			productReference = 45B805D227C2AAB700E9D57B /* Acceleration.app */;
			productType = "com.apple.product-type.application";
		};
		45B805E627C2AAB800E9D57B /* AccelerationTests */ = {
			isa = PBXNativeTarget;
			buildConfigurationList = 45B805FE27C2AAB800E9D57B /* Build configuration list for PBXNativeTarget "AccelerationTests" */;
			buildPhases = (
				45B805E327C2AAB800E9D57B /* Sources */,
				45B805E427C2AAB800E9D57B /* Frameworks */,
				45B805E527C2AAB800E9D57B /* Resources */,
			);
			buildRules = (
			);
			dependencies = (
				45B805E927C2AAB800E9D57B /* PBXTargetDependency */,
			);
			name = AccelerationTests;
			productName = AccelerationTests;
			productReference = 45B805E727C2AAB800E9D57B /* AccelerationTests.xctest */;
			productType = "com.apple.product-type.bundle.unit-test";
		};
		45B805F027C2AAB800E9D57B /* AccelerationUITests */ = {
			isa = PBXNativeTarget;
			buildConfigurationList = 45B8060127C2AAB800E9D57B /* Build configuration list for PBXNativeTarget "AccelerationUITests" */;
			buildPhases = (
				45B805ED27C2AAB800E9D57B /* Sources */,
				45B805EE27C2AAB800E9D57B /* Frameworks */,
				45B805EF27C2AAB800E9D57B /* Resources */,
			);
			buildRules = (
			);
			dependencies = (
				45B805F327C2AAB800E9D57B /* PBXTargetDependency */,
			);
			name = AccelerationUITests;
			productName = AccelerationUITests;
			productReference = 45B805F127C2AAB800E9D57B /* AccelerationUITests.xctest */;
			productType = "com.apple.product-type.bundle.ui-testing";
		};
/* End PBXNativeTarget section */

/* Begin PBXProject section */
		45B805CA27C2AAB700E9D57B /* Project object */ = {
			isa = PBXProject;
			attributes = {
				BuildIndependentTargetsInParallel = 1;
				LastSwiftUpdateCheck = 1310;
				LastUpgradeCheck = 1310;
				TargetAttributes = {
					45B805D127C2AAB700E9D57B = {
						CreatedOnToolsVersion = 13.1;
					};
					45B805E627C2AAB800E9D57B = {
						CreatedOnToolsVersion = 13.1;
						TestTargetID = 45B805D127C2AAB700E9D57B;
					};
					45B805F027C2AAB800E9D57B = {
						CreatedOnToolsVersion = 13.1;
						TestTargetID = 45B805D127C2AAB700E9D57B;
					};
				};
			};
			buildConfigurationList = 45B805CD27C2AAB700E9D57B /* Build configuration list for PBXProject "Acceleration" */;
			compatibilityVersion = "Xcode 13.0";
			developmentRegion = en;
			hasScannedForEncodings = 0;
			knownRegions = (
				en,
				Base,
			);
			mainGroup = 45B805C927C2AAB700E9D57B;
			productRefGroup = 45B805D327C2AAB700E9D57B /* Products */;
			projectDirPath = "";
			projectRoot = "";
			targets = (
				45B805D127C2AAB700E9D57B /* Acceleration */,
				45B805E627C2AAB800E9D57B /* AccelerationTests */,
				45B805F027C2AAB800E9D57B /* AccelerationUITests */,
			);
		};
/* End PBXProject section */

/* Begin PBXResourcesBuildPhase section */
		45B805D027C2AAB700E9D57B /* Resources */ = {
			isa = PBXResourcesBuildPhase;
			buildActionMask = 2147483647;
			files = (
				45B805DD27C2AAB800E9D57B /* Preview Assets.xcassets in Resources */,
				4583A85C27EB46C300ED0956 /* VCR OSD Mono.ttf in Resources */,
				45B805DA27C2AAB800E9D57B /* Assets.xcassets in Resources */,
			);
			runOnlyForDeploymentPostprocessing = 0;
		};
		45B805E527C2AAB800E9D57B /* Resources */ = {
			isa = PBXResourcesBuildPhase;
			buildActionMask = 2147483647;
			files = (
			);
			runOnlyForDeploymentPostprocessing = 0;
		};
		45B805EF27C2AAB800E9D57B /* Resources */ = {
			isa = PBXResourcesBuildPhase;
			buildActionMask = 2147483647;
			files = (
			);
			runOnlyForDeploymentPostprocessing = 0;
		};
/* End PBXResourcesBuildPhase section */

/* Begin PBXSourcesBuildPhase section */
		45B805CE27C2AAB700E9D57B /* Sources */ = {
			isa = PBXSourcesBuildPhase;
			buildActionMask = 2147483647;
			files = (
				45531A1727DF62B900F9897D /* SettingsView.swift in Sources */,
				45B805D827C2AAB700E9D57B /* ContentView.swift in Sources */,
				459F49BE27FC7EB600ED92AC /* LocationController.swift in Sources */,
				45C1864927FDCF9900DF5C15 /* TextAlert.swift in Sources */,
				45531A1527DF60E000F9897D /* RunView.swift in Sources */,
				45531A1327DF5F1300F9897D /* HistoryView.swift in Sources */,
				459F49BC27FC7CE100ED92AC /* RunDataController.swift in Sources */,
				45B805D627C2AAB700E9D57B /* AccelerationApp.swift in Sources */,
				45B805E227C2AAB800E9D57B /* Acceleration.xcdatamodeld in Sources */,
			);
			runOnlyForDeploymentPostprocessing = 0;
		};
		45B805E327C2AAB800E9D57B /* Sources */ = {
			isa = PBXSourcesBuildPhase;
			buildActionMask = 2147483647;
			files = (
				45B805EC27C2AAB800E9D57B /* AccelerationTests.swift in Sources */,
			);
			runOnlyForDeploymentPostprocessing = 0;
		};
		45B805ED27C2AAB800E9D57B /* Sources */ = {
			isa = PBXSourcesBuildPhase;
			buildActionMask = 2147483647;
			files = (
				45B805F827C2AAB800E9D57B /* AccelerationUITestsLaunchTests.swift in Sources */,
				45B805F627C2AAB800E9D57B /* AccelerationUITests.swift in Sources */,
			);
			runOnlyForDeploymentPostprocessing = 0;
		};
/* End PBXSourcesBuildPhase section */

/* Begin PBXTargetDependency section */
		45B805E927C2AAB800E9D57B /* PBXTargetDependency */ = {
			isa = PBXTargetDependency;
			target = 45B805D127C2AAB700E9D57B /* Acceleration */;
			targetProxy = 45B805E827C2AAB800E9D57B /* PBXContainerItemProxy */;
		};
		45B805F327C2AAB800E9D57B /* PBXTargetDependency */ = {
			isa = PBXTargetDependency;
			target = 45B805D127C2AAB700E9D57B /* Acceleration */;
			targetProxy = 45B805F227C2AAB800E9D57B /* PBXContainerItemProxy */;
		};
/* End PBXTargetDependency section */

/* Begin XCBuildConfiguration section */
		45B805F927C2AAB800E9D57B /* Debug */ = {
			isa = XCBuildConfiguration;
			buildSettings = {
				ALWAYS_SEARCH_USER_PATHS = NO;
				CLANG_ANALYZER_NONNULL = YES;
				CLANG_ANALYZER_NUMBER_OBJECT_CONVERSION = YES_AGGRESSIVE;
				CLANG_CXX_LANGUAGE_STANDARD = "gnu++17";
				CLANG_CXX_LIBRARY = "libc++";
				CLANG_ENABLE_MODULES = YES;
				CLANG_ENABLE_OBJC_ARC = YES;
				CLANG_ENABLE_OBJC_WEAK = YES;
				CLANG_WARN_BLOCK_CAPTURE_AUTORELEASING = YES;
				CLANG_WARN_BOOL_CONVERSION = YES;
				CLANG_WARN_COMMA = YES;
				CLANG_WARN_CONSTANT_CONVERSION = YES;
				CLANG_WARN_DEPRECATED_OBJC_IMPLEMENTATIONS = YES;
				CLANG_WARN_DIRECT_OBJC_ISA_USAGE = YES_ERROR;
				CLANG_WARN_DOCUMENTATION_COMMENTS = YES;
				CLANG_WARN_EMPTY_BODY = YES;
				CLANG_WARN_ENUM_CONVERSION = YES;
				CLANG_WARN_INFINITE_RECURSION = YES;
				CLANG_WARN_INT_CONVERSION = YES;
				CLANG_WARN_NON_LITERAL_NULL_CONVERSION = YES;
				CLANG_WARN_OBJC_IMPLICIT_RETAIN_SELF = YES;
				CLANG_WARN_OBJC_LITERAL_CONVERSION = YES;
				CLANG_WARN_OBJC_ROOT_CLASS = YES_ERROR;
				CLANG_WARN_QUOTED_INCLUDE_IN_FRAMEWORK_HEADER = YES;
				CLANG_WARN_RANGE_LOOP_ANALYSIS = YES;
				CLANG_WARN_STRICT_PROTOTYPES = YES;
				CLANG_WARN_SUSPICIOUS_MOVE = YES;
				CLANG_WARN_UNGUARDED_AVAILABILITY = YES_AGGRESSIVE;
				CLANG_WARN_UNREACHABLE_CODE = YES;
				CLANG_WARN__DUPLICATE_METHOD_MATCH = YES;
				COPY_PHASE_STRIP = NO;
				DEBUG_INFORMATION_FORMAT = dwarf;
				ENABLE_STRICT_OBJC_MSGSEND = YES;
				ENABLE_TESTABILITY = YES;
				GCC_C_LANGUAGE_STANDARD = gnu11;
				GCC_DYNAMIC_NO_PIC = NO;
				GCC_NO_COMMON_BLOCKS = YES;
				GCC_OPTIMIZATION_LEVEL = 0;
				GCC_PREPROCESSOR_DEFINITIONS = (
					"DEBUG=1",
					"$(inherited)",
				);
				GCC_WARN_64_TO_32_BIT_CONVERSION = YES;
				GCC_WARN_ABOUT_RETURN_TYPE = YES_ERROR;
				GCC_WARN_UNDECLARED_SELECTOR = YES;
				GCC_WARN_UNINITIALIZED_AUTOS = YES_AGGRESSIVE;
				GCC_WARN_UNUSED_FUNCTION = YES;
				GCC_WARN_UNUSED_VARIABLE = YES;
				IPHONEOS_DEPLOYMENT_TARGET = 15.0;
				MTL_ENABLE_DEBUG_INFO = INCLUDE_SOURCE;
				MTL_FAST_MATH = YES;
				ONLY_ACTIVE_ARCH = YES;
				SDKROOT = iphoneos;
				SWIFT_ACTIVE_COMPILATION_CONDITIONS = DEBUG;
				SWIFT_OPTIMIZATION_LEVEL = "-Onone";
			};
			name = Debug;
		};
		45B805FA27C2AAB800E9D57B /* Release */ = {
			isa = XCBuildConfiguration;
			buildSettings = {
				ALWAYS_SEARCH_USER_PATHS = NO;
				CLANG_ANALYZER_NONNULL = YES;
				CLANG_ANALYZER_NUMBER_OBJECT_CONVERSION = YES_AGGRESSIVE;
				CLANG_CXX_LANGUAGE_STANDARD = "gnu++17";
				CLANG_CXX_LIBRARY = "libc++";
				CLANG_ENABLE_MODULES = YES;
				CLANG_ENABLE_OBJC_ARC = YES;
				CLANG_ENABLE_OBJC_WEAK = YES;
				CLANG_WARN_BLOCK_CAPTURE_AUTORELEASING = YES;
				CLANG_WARN_BOOL_CONVERSION = YES;
				CLANG_WARN_COMMA = YES;
				CLANG_WARN_CONSTANT_CONVERSION = YES;
				CLANG_WARN_DEPRECATED_OBJC_IMPLEMENTATIONS = YES;
				CLANG_WARN_DIRECT_OBJC_ISA_USAGE = YES_ERROR;
				CLANG_WARN_DOCUMENTATION_COMMENTS = YES;
				CLANG_WARN_EMPTY_BODY = YES;
				CLANG_WARN_ENUM_CONVERSION = YES;
				CLANG_WARN_INFINITE_RECURSION = YES;
				CLANG_WARN_INT_CONVERSION = YES;
				CLANG_WARN_NON_LITERAL_NULL_CONVERSION = YES;
				CLANG_WARN_OBJC_IMPLICIT_RETAIN_SELF = YES;
				CLANG_WARN_OBJC_LITERAL_CONVERSION = YES;
				CLANG_WARN_OBJC_ROOT_CLASS = YES_ERROR;
				CLANG_WARN_QUOTED_INCLUDE_IN_FRAMEWORK_HEADER = YES;
				CLANG_WARN_RANGE_LOOP_ANALYSIS = YES;
				CLANG_WARN_STRICT_PROTOTYPES = YES;
				CLANG_WARN_SUSPICIOUS_MOVE = YES;
				CLANG_WARN_UNGUARDED_AVAILABILITY = YES_AGGRESSIVE;
				CLANG_WARN_UNREACHABLE_CODE = YES;
				CLANG_WARN__DUPLICATE_METHOD_MATCH = YES;
				COPY_PHASE_STRIP = NO;
				DEBUG_INFORMATION_FORMAT = "dwarf-with-dsym";
				ENABLE_NS_ASSERTIONS = NO;
				ENABLE_STRICT_OBJC_MSGSEND = YES;
				GCC_C_LANGUAGE_STANDARD = gnu11;
				GCC_NO_COMMON_BLOCKS = YES;
				GCC_WARN_64_TO_32_BIT_CONVERSION = YES;
				GCC_WARN_ABOUT_RETURN_TYPE = YES_ERROR;
				GCC_WARN_UNDECLARED_SELECTOR = YES;
				GCC_WARN_UNINITIALIZED_AUTOS = YES_AGGRESSIVE;
				GCC_WARN_UNUSED_FUNCTION = YES;
				GCC_WARN_UNUSED_VARIABLE = YES;
				IPHONEOS_DEPLOYMENT_TARGET = 15.0;
				MTL_ENABLE_DEBUG_INFO = NO;
				MTL_FAST_MATH = YES;
				SDKROOT = iphoneos;
				SWIFT_COMPILATION_MODE = wholemodule;
				SWIFT_OPTIMIZATION_LEVEL = "-O";
				VALIDATE_PRODUCT = YES;
			};
			name = Release;
		};
		45B805FC27C2AAB800E9D57B /* Debug */ = {
			isa = XCBuildConfiguration;
			buildSettings = {
				ASSETCATALOG_COMPILER_APPICON_NAME = AppIcon;
				ASSETCATALOG_COMPILER_GLOBAL_ACCENT_COLOR_NAME = AccentColor;
				CODE_SIGN_STYLE = Automatic;
				CURRENT_PROJECT_VERSION = 1;
				DEVELOPMENT_ASSET_PATHS = "\"Acceleration/Preview Content\"";
				DEVELOPMENT_TEAM = 6A7T62L69W;
				ENABLE_PREVIEWS = YES;
				GENERATE_INFOPLIST_FILE = YES;
				INFOPLIST_FILE = Acceleration/Info.plist;
				INFOPLIST_KEY_NSLocationAlwaysAndWhenInUseUsageDescription = "We use GPS to track your speed";
				INFOPLIST_KEY_NSLocationAlwaysUsageDescription = "We use GPS to track your speed";
				INFOPLIST_KEY_UIApplicationSceneManifest_Generation = YES;
				INFOPLIST_KEY_UIApplicationSupportsIndirectInputEvents = YES;
				INFOPLIST_KEY_UILaunchScreen_Generation = YES;
				INFOPLIST_KEY_UISupportedInterfaceOrientations = UIInterfaceOrientationPortrait;
				INFOPLIST_KEY_UISupportedInterfaceOrientations_iPad = "UIInterfaceOrientationPortrait UIInterfaceOrientationPortraitUpsideDown UIInterfaceOrientationLandscapeLeft UIInterfaceOrientationLandscapeRight";
				INFOPLIST_KEY_UISupportedInterfaceOrientations_iPhone = "UIInterfaceOrientationPortrait UIInterfaceOrientationLandscapeLeft UIInterfaceOrientationLandscapeRight";
				LD_RUNPATH_SEARCH_PATHS = (
					"$(inherited)",
					"@executable_path/Frameworks",
				);
				MARKETING_VERSION = 1.0;
				PRODUCT_BUNDLE_IDENTIFIER = igorlopatka.Acceleration;
				PRODUCT_NAME = "$(TARGET_NAME)";
				SWIFT_EMIT_LOC_STRINGS = YES;
				SWIFT_VERSION = 5.0;
				TARGETED_DEVICE_FAMILY = 1;
			};
			name = Debug;
		};
		45B805FD27C2AAB800E9D57B /* Release */ = {
			isa = XCBuildConfiguration;
			buildSettings = {
				ASSETCATALOG_COMPILER_APPICON_NAME = AppIcon;
				ASSETCATALOG_COMPILER_GLOBAL_ACCENT_COLOR_NAME = AccentColor;
				CODE_SIGN_STYLE = Automatic;
				CURRENT_PROJECT_VERSION = 1;
				DEVELOPMENT_ASSET_PATHS = "\"Acceleration/Preview Content\"";
				DEVELOPMENT_TEAM = 6A7T62L69W;
				ENABLE_PREVIEWS = YES;
				GENERATE_INFOPLIST_FILE = YES;
				INFOPLIST_FILE = Acceleration/Info.plist;
				INFOPLIST_KEY_NSLocationAlwaysAndWhenInUseUsageDescription = "We use GPS to track your speed";
				INFOPLIST_KEY_NSLocationAlwaysUsageDescription = "We use GPS to track your speed";
				INFOPLIST_KEY_UIApplicationSceneManifest_Generation = YES;
				INFOPLIST_KEY_UIApplicationSupportsIndirectInputEvents = YES;
				INFOPLIST_KEY_UILaunchScreen_Generation = YES;
				INFOPLIST_KEY_UISupportedInterfaceOrientations = UIInterfaceOrientationPortrait;
				INFOPLIST_KEY_UISupportedInterfaceOrientations_iPad = "UIInterfaceOrientationPortrait UIInterfaceOrientationPortraitUpsideDown UIInterfaceOrientationLandscapeLeft UIInterfaceOrientationLandscapeRight";
				INFOPLIST_KEY_UISupportedInterfaceOrientations_iPhone = "UIInterfaceOrientationPortrait UIInterfaceOrientationLandscapeLeft UIInterfaceOrientationLandscapeRight";
				LD_RUNPATH_SEARCH_PATHS = (
					"$(inherited)",
					"@executable_path/Frameworks",
				);
				MARKETING_VERSION = 1.0;
				PRODUCT_BUNDLE_IDENTIFIER = igorlopatka.Acceleration;
				PRODUCT_NAME = "$(TARGET_NAME)";
				SWIFT_EMIT_LOC_STRINGS = YES;
				SWIFT_VERSION = 5.0;
				TARGETED_DEVICE_FAMILY = 1;
			};
			name = Release;
		};
		45B805FF27C2AAB800E9D57B /* Debug */ = {
			isa = XCBuildConfiguration;
			buildSettings = {
				ALWAYS_EMBED_SWIFT_STANDARD_LIBRARIES = YES;
				BUNDLE_LOADER = "$(TEST_HOST)";
				CODE_SIGN_STYLE = Automatic;
				CURRENT_PROJECT_VERSION = 1;
				DEVELOPMENT_TEAM = 6A7T62L69W;
				GENERATE_INFOPLIST_FILE = YES;
				IPHONEOS_DEPLOYMENT_TARGET = 15.0;
				LD_RUNPATH_SEARCH_PATHS = (
					"$(inherited)",
					"@executable_path/Frameworks",
					"@loader_path/Frameworks",
				);
				MARKETING_VERSION = 1.0;
				PRODUCT_BUNDLE_IDENTIFIER = igorlopatka.AccelerationTests;
				PRODUCT_NAME = "$(TARGET_NAME)";
				SWIFT_EMIT_LOC_STRINGS = NO;
				SWIFT_VERSION = 5.0;
				TARGETED_DEVICE_FAMILY = "1,2";
				TEST_HOST = "$(BUILT_PRODUCTS_DIR)/Acceleration.app/Acceleration";
			};
			name = Debug;
		};
		45B8060027C2AAB800E9D57B /* Release */ = {
			isa = XCBuildConfiguration;
			buildSettings = {
				ALWAYS_EMBED_SWIFT_STANDARD_LIBRARIES = YES;
				BUNDLE_LOADER = "$(TEST_HOST)";
				CODE_SIGN_STYLE = Automatic;
				CURRENT_PROJECT_VERSION = 1;
				DEVELOPMENT_TEAM = 6A7T62L69W;
				GENERATE_INFOPLIST_FILE = YES;
				IPHONEOS_DEPLOYMENT_TARGET = 15.0;
				LD_RUNPATH_SEARCH_PATHS = (
					"$(inherited)",
					"@executable_path/Frameworks",
					"@loader_path/Frameworks",
				);
				MARKETING_VERSION = 1.0;
				PRODUCT_BUNDLE_IDENTIFIER = igorlopatka.AccelerationTests;
				PRODUCT_NAME = "$(TARGET_NAME)";
				SWIFT_EMIT_LOC_STRINGS = NO;
				SWIFT_VERSION = 5.0;
				TARGETED_DEVICE_FAMILY = "1,2";
				TEST_HOST = "$(BUILT_PRODUCTS_DIR)/Acceleration.app/Acceleration";
			};
			name = Release;
		};
		45B8060227C2AAB800E9D57B /* Debug */ = {
			isa = XCBuildConfiguration;
			buildSettings = {
				ALWAYS_EMBED_SWIFT_STANDARD_LIBRARIES = YES;
				CODE_SIGN_STYLE = Automatic;
				CURRENT_PROJECT_VERSION = 1;
				DEVELOPMENT_TEAM = 6A7T62L69W;
				GENERATE_INFOPLIST_FILE = YES;
				LD_RUNPATH_SEARCH_PATHS = (
					"$(inherited)",
					"@executable_path/Frameworks",
					"@loader_path/Frameworks",
				);
				MARKETING_VERSION = 1.0;
				PRODUCT_BUNDLE_IDENTIFIER = igorlopatka.AccelerationUITests;
				PRODUCT_NAME = "$(TARGET_NAME)";
				SWIFT_EMIT_LOC_STRINGS = NO;
				SWIFT_VERSION = 5.0;
				TARGETED_DEVICE_FAMILY = "1,2";
				TEST_TARGET_NAME = Acceleration;
			};
			name = Debug;
		};
		45B8060327C2AAB800E9D57B /* Release */ = {
			isa = XCBuildConfiguration;
			buildSettings = {
				ALWAYS_EMBED_SWIFT_STANDARD_LIBRARIES = YES;
				CODE_SIGN_STYLE = Automatic;
				CURRENT_PROJECT_VERSION = 1;
				DEVELOPMENT_TEAM = 6A7T62L69W;
				GENERATE_INFOPLIST_FILE = YES;
				LD_RUNPATH_SEARCH_PATHS = (
					"$(inherited)",
					"@executable_path/Frameworks",
					"@loader_path/Frameworks",
				);
				MARKETING_VERSION = 1.0;
				PRODUCT_BUNDLE_IDENTIFIER = igorlopatka.AccelerationUITests;
				PRODUCT_NAME = "$(TARGET_NAME)";
				SWIFT_EMIT_LOC_STRINGS = NO;
				SWIFT_VERSION = 5.0;
				TARGETED_DEVICE_FAMILY = "1,2";
				TEST_TARGET_NAME = Acceleration;
			};
			name = Release;
		};
/* End XCBuildConfiguration section */

/* Begin XCConfigurationList section */
		45B805CD27C2AAB700E9D57B /* Build configuration list for PBXProject "Acceleration" */ = {
			isa = XCConfigurationList;
			buildConfigurations = (
				45B805F927C2AAB800E9D57B /* Debug */,
				45B805FA27C2AAB800E9D57B /* Release */,
			);
			defaultConfigurationIsVisible = 0;
			defaultConfigurationName = Release;
		};
		45B805FB27C2AAB800E9D57B /* Build configuration list for PBXNativeTarget "Acceleration" */ = {
			isa = XCConfigurationList;
			buildConfigurations = (
				45B805FC27C2AAB800E9D57B /* Debug */,
				45B805FD27C2AAB800E9D57B /* Release */,
			);
			defaultConfigurationIsVisible = 0;
			defaultConfigurationName = Release;
		};
		45B805FE27C2AAB800E9D57B /* Build configuration list for PBXNativeTarget "AccelerationTests" */ = {
			isa = XCConfigurationList;
			buildConfigurations = (
				45B805FF27C2AAB800E9D57B /* Debug */,
				45B8060027C2AAB800E9D57B /* Release */,
			);
			defaultConfigurationIsVisible = 0;
			defaultConfigurationName = Release;
		};
		45B8060127C2AAB800E9D57B /* Build configuration list for PBXNativeTarget "AccelerationUITests" */ = {
			isa = XCConfigurationList;
			buildConfigurations = (
				45B8060227C2AAB800E9D57B /* Debug */,
				45B8060327C2AAB800E9D57B /* Release */,
			);
			defaultConfigurationIsVisible = 0;
			defaultConfigurationName = Release;
		};
/* End XCConfigurationList section */

/* Begin XCVersionGroup section */
		45B805E027C2AAB800E9D57B /* Acceleration.xcdatamodeld */ = {
			isa = XCVersionGroup;
			children = (
				45B805E127C2AAB800E9D57B /* Acceleration.xcdatamodel */,
			);
			currentVersion = 45B805E127C2AAB800E9D57B /* Acceleration.xcdatamodel */;
			path = Acceleration.xcdatamodeld;
			sourceTree = "<group>";
			versionGroupType = wrapper.xcdatamodel;
		};
/* End XCVersionGroup section */
	};
	rootObject = 45B805CA27C2AAB700E9D57B /* Project object */;
}
